
Microsoft Visual Studio Solution File, Format Version 12.00
# Visual Studio Version 16
VisualStudioVersion = 16.0.31019.35
MinimumVisualStudioVersion = 10.0.40219.1
Project("{FAE04EC0-301F-11D3-BF4B-00C04F79EFBC}") = "Webbanhang", "Webbanhang\Webbanhang.csproj", "{666ED2A7-969E-4055-8AEE-5F76D5D2EB79}"
EndProject
Project("{FAE04EC0-301F-11D3-BF4B-00C04F79EFBC}") = "Model", "Model\Model.csproj", "{D5242C24-9B00-4B05-BC3D-B691CE5868A9}"
EndProject
Global
	GlobalSection(SolutionConfigurationPlatforms) = preSolution
		Debug|Any CPU = Debug|Any CPU
		Release|Any CPU = Release|Any CPU
	EndGlobalSection
	GlobalSection(ProjectConfigurationPlatforms) = postSolution
		{666ED2A7-969E-4055-8AEE-5F76D5D2EB79}.Debug|Any CPU.ActiveCfg = Debug|Any CPU
		{666ED2A7-969E-4055-8AEE-5F76D5D2EB79}.Debug|Any CPU.Build.0 = Debug|Any CPU
		{666ED2A7-969E-4055-8AEE-5F76D5D2EB79}.Release|Any CPU.ActiveCfg = Release|Any CPU
		{666ED2A7-969E-4055-8AEE-5F76D5D2EB79}.Release|Any CPU.Build.0 = Release|Any CPU
		{D5242C24-9B00-4B05-BC3D-B691CE5868A9}.Debug|Any CPU.ActiveCfg = Debug|Any CPU
		{D5242C24-9B00-4B05-BC3D-B691CE5868A9}.Debug|Any CPU.Build.0 = Debug|Any CPU
		{D5242C24-9B00-4B05-BC3D-B691CE5868A9}.Release|Any CPU.ActiveCfg = Release|Any CPU
		{D5242C24-9B00-4B05-BC3D-B691CE5868A9}.Release|Any CPU.Build.0 = Release|Any CPU
	EndGlobalSection
	GlobalSection(SolutionProperties) = preSolution
		HideSolutionNode = FALSE
	EndGlobalSection
	GlobalSection(ExtensibilityGlobals) = postSolution
		SolutionGuid = {D011775A-134E-4405-9C4A-8EB9E0B45C63}
	EndGlobalSection
EndGlobal
